
Microsoft Visual Studio Solution File, Format Version 12.00
# Visual Studio Version 17
VisualStudioVersion = 17.6.33723.286
MinimumVisualStudioVersion = 10.0.40219.1
Project("{9A19103F-16F7-4668-BE54-9A1E7A4F7556}") = "Belleza", "Belleza\Belleza.csproj", "{B92B1444-E0A8-40FA-897E-8E2C3F024855}"
EndProject
Global
	GlobalSection(SolutionConfigurationPlatforms) = preSolution
		Debug|Any CPU = Debug|Any CPU
		Release|Any CPU = Release|Any CPU
	EndGlobalSection
	GlobalSection(ProjectConfigurationPlatforms) = postSolution
		{B92B1444-E0A8-40FA-897E-8E2C3F024855}.Debug|Any CPU.ActiveCfg = Debug|Any CPU
		{B92B1444-E0A8-40FA-897E-8E2C3F024855}.Debug|Any CPU.Build.0 = Debug|Any CPU
		{B92B1444-E0A8-40FA-897E-8E2C3F024855}.Release|Any CPU.ActiveCfg = Release|Any CPU
		{B92B1444-E0A8-40FA-897E-8E2C3F024855}.Release|Any CPU.Build.0 = Release|Any CPU
	EndGlobalSection
	GlobalSection(SolutionProperties) = preSolution
		HideSolutionNode = FALSE
	EndGlobalSection
	GlobalSection(ExtensibilityGlobals) = postSolution
		SolutionGuid = {72970CEE-7BEC-4A89-A16F-9138CA1FFC76}
	EndGlobalSection
EndGlobal
