
Microsoft Visual Studio Solution File, Format Version 12.00
# Visual Studio Version 16
VisualStudioVersion = 16.0.33529.622
MinimumVisualStudioVersion = 10.0.40219.1
Project("{FAE04EC0-301F-11D3-BF4B-00C04F79EFBC}") = "ApiBelleza", "ApiBelleza\ApiBelleza.csproj", "{8EFC9CDF-BB26-4EBD-A4B6-DEC96B6C3655}"
EndProject
Global
	GlobalSection(SolutionConfigurationPlatforms) = preSolution
		Debug|Any CPU = Debug|Any CPU
		Release|Any CPU = Release|Any CPU
	EndGlobalSection
	GlobalSection(ProjectConfigurationPlatforms) = postSolution
		{8EFC9CDF-BB26-4EBD-A4B6-DEC96B6C3655}.Debug|Any CPU.ActiveCfg = Debug|Any CPU
		{8EFC9CDF-BB26-4EBD-A4B6-DEC96B6C3655}.Debug|Any CPU.Build.0 = Debug|Any CPU
		{8EFC9CDF-BB26-4EBD-A4B6-DEC96B6C3655}.Release|Any CPU.ActiveCfg = Release|Any CPU
		{8EFC9CDF-BB26-4EBD-A4B6-DEC96B6C3655}.Release|Any CPU.Build.0 = Release|Any CPU
	EndGlobalSection
	GlobalSection(SolutionProperties) = preSolution
		HideSolutionNode = FALSE
	EndGlobalSection
	GlobalSection(ExtensibilityGlobals) = postSolution
		SolutionGuid = {4C66FFE9-0865-47FB-93BE-7DEE900F1F62}
	EndGlobalSection
EndGlobal
